// !$*UTF8*$!
{
	archiveVersion = 1;
	classes = {
	};
	objectVersion = 46;
	objects = {

/* Begin PBXBuildFile section */
		188E26CC27561E9800AE7EC9 /* SectionInterface.swift in Sources */ = {isa = PBXBuildFile; fileRef = 188E26CB27561E9800AE7EC9 /* SectionInterface.swift */; };
		188E26CE27561EAE00AE7EC9 /* Extension.swift in Sources */ = {isa = PBXBuildFile; fileRef = 188E26CD27561EAE00AE7EC9 /* Extension.swift */; };
		188E26D027561ECE00AE7EC9 /* H.swift in Sources */ = {isa = PBXBuildFile; fileRef = 188E26CF27561ECE00AE7EC9 /* H.swift */; };
		188E26D427561F2B00AE7EC9 /* MainController.swift in Sources */ = {isa = PBXBuildFile; fileRef = 188E26D327561F2B00AE7EC9 /* MainController.swift */; };
		188E26DD275661AA00AE7EC9 /* PhotoController.swift in Sources */ = {isa = PBXBuildFile; fileRef = 188E26DC275661AA00AE7EC9 /* PhotoController.swift */; };
		188E26E0275661F700AE7EC9 /* Photo.storyboard in Resources */ = {isa = PBXBuildFile; fileRef = 188E26DF275661F700AE7EC9 /* Photo.storyboard */; };
		188E270C275749D100AE7EC9 /* PhotoItemController.swift in Sources */ = {isa = PBXBuildFile; fileRef = 188E270B275749D000AE7EC9 /* PhotoItemController.swift */; };
		188E270F27574B8C00AE7EC9 /* PhotoItemCell.swift in Sources */ = {isa = PBXBuildFile; fileRef = 188E270D27574B8C00AE7EC9 /* PhotoItemCell.swift */; };
		188E271027574B8C00AE7EC9 /* PhotoItemCell.xib in Resources */ = {isa = PBXBuildFile; fileRef = 188E270E27574B8C00AE7EC9 /* PhotoItemCell.xib */; };
		188E27122757613100AE7EC9 /* PhotoDetailController.swift in Sources */ = {isa = PBXBuildFile; fileRef = 188E27112757613100AE7EC9 /* PhotoDetailController.swift */; };
		188E27172757B3AA00AE7EC9 /* UserDefaultUtils.swift in Sources */ = {isa = PBXBuildFile; fileRef = 188E27162757B3AA00AE7EC9 /* UserDefaultUtils.swift */; };
		607FACD61AFB9204008FA782 /* AppDelegate.swift in Sources */ = {isa = PBXBuildFile; fileRef = 607FACD51AFB9204008FA782 /* AppDelegate.swift */; };
		607FACD81AFB9204008FA782 /* HomeController.swift in Sources */ = {isa = PBXBuildFile; fileRef = 607FACD71AFB9204008FA782 /* HomeController.swift */; };
		607FACDB1AFB9204008FA782 /* Main.storyboard in Resources */ = {isa = PBXBuildFile; fileRef = 607FACD91AFB9204008FA782 /* Main.storyboard */; };
		607FACDD1AFB9204008FA782 /* Images.xcassets in Resources */ = {isa = PBXBuildFile; fileRef = 607FACDC1AFB9204008FA782 /* Images.xcassets */; };
		607FACE01AFB9204008FA782 /* LaunchScreen.xib in Resources */ = {isa = PBXBuildFile; fileRef = 607FACDE1AFB9204008FA782 /* LaunchScreen.xib */; };
		BD7F64EEEE00B6988DDD981D /* Pods_AssemblyManager_Example.framework in Frameworks */ = {isa = PBXBuildFile; fileRef = A9F5E06F879297A231D0ED4B /* Pods_AssemblyManager_Example.framework */; };
/* End PBXBuildFile section */

/* Begin PBXFileReference section */
		188E26CB27561E9800AE7EC9 /* SectionInterface.swift */ = {isa = PBXFileReference; lastKnownFileType = sourcecode.swift; path = SectionInterface.swift; sourceTree = "<group>"; };
		188E26CD27561EAE00AE7EC9 /* Extension.swift */ = {isa = PBXFileReference; lastKnownFileType = sourcecode.swift; path = Extension.swift; sourceTree = "<group>"; };
		188E26CF27561ECE00AE7EC9 /* H.swift */ = {isa = PBXFileReference; lastKnownFileType = sourcecode.swift; path = H.swift; sourceTree = "<group>"; };
		188E26D327561F2B00AE7EC9 /* MainController.swift */ = {isa = PBXFileReference; lastKnownFileType = sourcecode.swift; path = MainController.swift; sourceTree = "<group>"; };
		188E26DC275661AA00AE7EC9 /* PhotoController.swift */ = {isa = PBXFileReference; lastKnownFileType = sourcecode.swift; path = PhotoController.swift; sourceTree = "<group>"; };
		188E26DF275661F700AE7EC9 /* Photo.storyboard */ = {isa = PBXFileReference; lastKnownFileType = file.storyboard; path = Photo.storyboard; sourceTree = "<group>"; };
		188E270B275749D000AE7EC9 /* PhotoItemController.swift */ = {isa = PBXFileReference; lastKnownFileType = sourcecode.swift; path = PhotoItemController.swift; sourceTree = "<group>"; };
		188E270D27574B8C00AE7EC9 /* PhotoItemCell.swift */ = {isa = PBXFileReference; lastKnownFileType = sourcecode.swift; path = PhotoItemCell.swift; sourceTree = "<group>"; };
		188E270E27574B8C00AE7EC9 /* PhotoItemCell.xib */ = {isa = PBXFileReference; lastKnownFileType = file.xib; path = PhotoItemCell.xib; sourceTree = "<group>"; };
		188E27112757613100AE7EC9 /* PhotoDetailController.swift */ = {isa = PBXFileReference; lastKnownFileType = sourcecode.swift; path = PhotoDetailController.swift; sourceTree = "<group>"; };
		188E27162757B3AA00AE7EC9 /* UserDefaultUtils.swift */ = {isa = PBXFileReference; lastKnownFileType = sourcecode.swift; path = UserDefaultUtils.swift; sourceTree = "<group>"; };
		1AFEB2719D94A6E4ED4AB9E9 /* README.md */ = {isa = PBXFileReference; includeInIndex = 1; lastKnownFileType = net.daringfireball.markdown; name = README.md; path = ../README.md; sourceTree = "<group>"; };
		1F3CC35F267327E5E7D26ADD /* Pods-AssemblyManager_Tests.release.xcconfig */ = {isa = PBXFileReference; includeInIndex = 1; lastKnownFileType = text.xcconfig; name = "Pods-AssemblyManager_Tests.release.xcconfig"; path = "Target Support Files/Pods-AssemblyManager_Tests/Pods-AssemblyManager_Tests.release.xcconfig"; sourceTree = "<group>"; };
		34DD768D1457FF1B21A05E86 /* LICENSE */ = {isa = PBXFileReference; includeInIndex = 1; lastKnownFileType = text; name = LICENSE; path = ../LICENSE; sourceTree = "<group>"; };
		5D2B1541633BA9867F40180B /* Pods-AssemblyManager_Tests.debug.xcconfig */ = {isa = PBXFileReference; includeInIndex = 1; lastKnownFileType = text.xcconfig; name = "Pods-AssemblyManager_Tests.debug.xcconfig"; path = "Target Support Files/Pods-AssemblyManager_Tests/Pods-AssemblyManager_Tests.debug.xcconfig"; sourceTree = "<group>"; };
		607FACD01AFB9204008FA782 /* AssemblyManager_Example.app */ = {isa = PBXFileReference; explicitFileType = wrapper.application; includeInIndex = 0; path = AssemblyManager_Example.app; sourceTree = BUILT_PRODUCTS_DIR; };
		607FACD41AFB9204008FA782 /* Info.plist */ = {isa = PBXFileReference; lastKnownFileType = text.plist.xml; path = Info.plist; sourceTree = "<group>"; };
		607FACD51AFB9204008FA782 /* AppDelegate.swift */ = {isa = PBXFileReference; lastKnownFileType = sourcecode.swift; path = AppDelegate.swift; sourceTree = "<group>"; };
		607FACD71AFB9204008FA782 /* HomeController.swift */ = {isa = PBXFileReference; lastKnownFileType = sourcecode.swift; path = HomeController.swift; sourceTree = "<group>"; };
		607FACDA1AFB9204008FA782 /* Base */ = {isa = PBXFileReference; lastKnownFileType = file.storyboard; name = Base; path = Base.lproj/Main.storyboard; sourceTree = "<group>"; };
		607FACDC1AFB9204008FA782 /* Images.xcassets */ = {isa = PBXFileReference; lastKnownFileType = folder.assetcatalog; path = Images.xcassets; sourceTree = "<group>"; };
		607FACDF1AFB9204008FA782 /* Base */ = {isa = PBXFileReference; lastKnownFileType = file.xib; name = Base; path = Base.lproj/LaunchScreen.xib; sourceTree = "<group>"; };
		607FACEA1AFB9204008FA782 /* Info.plist */ = {isa = PBXFileReference; lastKnownFileType = text.plist.xml; path = Info.plist; sourceTree = "<group>"; };
		607FACEB1AFB9204008FA782 /* Tests.swift */ = {isa = PBXFileReference; lastKnownFileType = sourcecode.swift; path = Tests.swift; sourceTree = "<group>"; };
		A9F5E06F879297A231D0ED4B /* Pods_AssemblyManager_Example.framework */ = {isa = PBXFileReference; explicitFileType = wrapper.framework; includeInIndex = 0; path = Pods_AssemblyManager_Example.framework; sourceTree = BUILT_PRODUCTS_DIR; };
		AC8571C97529D0683BFE8969 /* Pods_AssemblyManager_Tests.framework */ = {isa = PBXFileReference; explicitFileType = wrapper.framework; includeInIndex = 0; path = Pods_AssemblyManager_Tests.framework; sourceTree = BUILT_PRODUCTS_DIR; };
		BEAD2A9098325F85C0C74C13 /* AssemblyManager.podspec */ = {isa = PBXFileReference; includeInIndex = 1; lastKnownFileType = text; name = AssemblyManager.podspec; path = ../AssemblyManager.podspec; sourceTree = "<group>"; xcLanguageSpecificationIdentifier = xcode.lang.ruby; };
		DC66683E707B8C790DC62646 /* Pods-AssemblyManager_Example.release.xcconfig */ = {isa = PBXFileReference; includeInIndex = 1; lastKnownFileType = text.xcconfig; name = "Pods-AssemblyManager_Example.release.xcconfig"; path = "Target Support Files/Pods-AssemblyManager_Example/Pods-AssemblyManager_Example.release.xcconfig"; sourceTree = "<group>"; };
		EC34DEBFC397E08A0F73503E /* Pods-AssemblyManager_Example.debug.xcconfig */ = {isa = PBXFileReference; includeInIndex = 1; lastKnownFileType = text.xcconfig; name = "Pods-AssemblyManager_Example.debug.xcconfig"; path = "Target Support Files/Pods-AssemblyManager_Example/Pods-AssemblyManager_Example.debug.xcconfig"; sourceTree = "<group>"; };
/* End PBXFileReference section */

/* Begin PBXFrameworksBuildPhase section */
		607FACCD1AFB9204008FA782 /* Frameworks */ = {
			isa = PBXFrameworksBuildPhase;
			buildActionMask = 2147483647;
			files = (
				BD7F64EEEE00B6988DDD981D /* Pods_AssemblyManager_Example.framework in Frameworks */,
			);
			runOnlyForDeploymentPostprocessing = 0;
		};
/* End PBXFrameworksBuildPhase section */

/* Begin PBXGroup section */
		188E26C627561E6300AE7EC9 /* Controllers */ = {
			isa = PBXGroup;
			children = (
				188E26D7275654F600AE7EC9 /* Photo */,
				188E26CA27561E7F00AE7EC9 /* Home */,
				607FACD51AFB9204008FA782 /* AppDelegate.swift */,
				188E26D327561F2B00AE7EC9 /* MainController.swift */,
			);
			name = Controllers;
			sourceTree = "<group>";
		};
		188E26C727561E6900AE7EC9 /* Models */ = {
			isa = PBXGroup;
			children = (
			);
			name = Models;
			sourceTree = "<group>";
		};
		188E26C827561E6D00AE7EC9 /* Views */ = {
			isa = PBXGroup;
			children = (
				188E26DE275661B100AE7EC9 /* Photo */,
				188E26D127561EF200AE7EC9 /* Home */,
			);
			name = Views;
			sourceTree = "<group>";
		};
		188E26C927561E7100AE7EC9 /* Libs */ = {
			isa = PBXGroup;
			children = (
				188E26CB27561E9800AE7EC9 /* SectionInterface.swift */,
				188E26CD27561EAE00AE7EC9 /* Extension.swift */,
				188E26CF27561ECE00AE7EC9 /* H.swift */,
				188E27162757B3AA00AE7EC9 /* UserDefaultUtils.swift */,
			);
			name = Libs;
			sourceTree = "<group>";
		};
		188E26CA27561E7F00AE7EC9 /* Home */ = {
			isa = PBXGroup;
			children = (
				607FACD71AFB9204008FA782 /* HomeController.swift */,
			);
			name = Home;
			sourceTree = "<group>";
		};
		188E26D127561EF200AE7EC9 /* Home */ = {
			isa = PBXGroup;
			children = (
				607FACD91AFB9204008FA782 /* Main.storyboard */,
			);
			name = Home;
			sourceTree = "<group>";
		};
		188E26D7275654F600AE7EC9 /* Photo */ = {
			isa = PBXGroup;
			children = (
				188E26DC275661AA00AE7EC9 /* PhotoController.swift */,
				188E270B275749D000AE7EC9 /* PhotoItemController.swift */,
				188E27112757613100AE7EC9 /* PhotoDetailController.swift */,
			);
			name = Photo;
			sourceTree = "<group>";
		};
		188E26DE275661B100AE7EC9 /* Photo */ = {
			isa = PBXGroup;
			children = (
				188E26DF275661F700AE7EC9 /* Photo.storyboard */,
				188E270D27574B8C00AE7EC9 /* PhotoItemCell.swift */,
				188E270E27574B8C00AE7EC9 /* PhotoItemCell.xib */,
			);
			name = Photo;
			sourceTree = "<group>";
		};
		607FACC71AFB9204008FA782 = {
			isa = PBXGroup;
			children = (
				607FACF51AFB993E008FA782 /* Podspec Metadata */,
				607FACD21AFB9204008FA782 /* Example for AssemblyManager */,
				607FACE81AFB9204008FA782 /* Tests */,
				607FACD11AFB9204008FA782 /* Products */,
				C91E89B09C6831EF36104206 /* Pods */,
				97603B7DB09D8A57A0F274DA /* Frameworks */,
			);
			sourceTree = "<group>";
		};
		607FACD11AFB9204008FA782 /* Products */ = {
			isa = PBXGroup;
			children = (
				607FACD01AFB9204008FA782 /* AssemblyManager_Example.app */,
			);
			name = Products;
			sourceTree = "<group>";
		};
		607FACD21AFB9204008FA782 /* Example for AssemblyManager */ = {
			isa = PBXGroup;
			children = (
				188E26C627561E6300AE7EC9 /* Controllers */,
				188E26C827561E6D00AE7EC9 /* Views */,
				188E26C727561E6900AE7EC9 /* Models */,
				188E26C927561E7100AE7EC9 /* Libs */,
				607FACDC1AFB9204008FA782 /* Images.xcassets */,
				607FACDE1AFB9204008FA782 /* LaunchScreen.xib */,
				607FACD31AFB9204008FA782 /* Supporting Files */,
			);
			name = "Example for AssemblyManager";
			path = AssemblyManager;
			sourceTree = "<group>";
		};
		607FACD31AFB9204008FA782 /* Supporting Files */ = {
			isa = PBXGroup;
			children = (
				607FACD41AFB9204008FA782 /* Info.plist */,
			);
			name = "Supporting Files";
			sourceTree = "<group>";
		};
		607FACE81AFB9204008FA782 /* Tests */ = {
			isa = PBXGroup;
			children = (
				607FACEB1AFB9204008FA782 /* Tests.swift */,
				607FACE91AFB9204008FA782 /* Supporting Files */,
			);
			path = Tests;
			sourceTree = "<group>";
		};
		607FACE91AFB9204008FA782 /* Supporting Files */ = {
			isa = PBXGroup;
			children = (
				607FACEA1AFB9204008FA782 /* Info.plist */,
			);
			name = "Supporting Files";
			sourceTree = "<group>";
		};
		607FACF51AFB993E008FA782 /* Podspec Metadata */ = {
			isa = PBXGroup;
			children = (
				BEAD2A9098325F85C0C74C13 /* AssemblyManager.podspec */,
				1AFEB2719D94A6E4ED4AB9E9 /* README.md */,
				34DD768D1457FF1B21A05E86 /* LICENSE */,
			);
			name = "Podspec Metadata";
			sourceTree = "<group>";
		};
		97603B7DB09D8A57A0F274DA /* Frameworks */ = {
			isa = PBXGroup;
			children = (
				A9F5E06F879297A231D0ED4B /* Pods_AssemblyManager_Example.framework */,
				AC8571C97529D0683BFE8969 /* Pods_AssemblyManager_Tests.framework */,
			);
			name = Frameworks;
			sourceTree = "<group>";
		};
		C91E89B09C6831EF36104206 /* Pods */ = {
			isa = PBXGroup;
			children = (
				EC34DEBFC397E08A0F73503E /* Pods-AssemblyManager_Example.debug.xcconfig */,
				DC66683E707B8C790DC62646 /* Pods-AssemblyManager_Example.release.xcconfig */,
				5D2B1541633BA9867F40180B /* Pods-AssemblyManager_Tests.debug.xcconfig */,
				1F3CC35F267327E5E7D26ADD /* Pods-AssemblyManager_Tests.release.xcconfig */,
			);
			path = Pods;
			sourceTree = "<group>";
		};
/* End PBXGroup section */

/* Begin PBXNativeTarget section */
		607FACCF1AFB9204008FA782 /* AssemblyManager_Example */ = {
			isa = PBXNativeTarget;
			buildConfigurationList = 607FACEF1AFB9204008FA782 /* Build configuration list for PBXNativeTarget "AssemblyManager_Example" */;
			buildPhases = (
				ACB90EAB00B0A90491364F52 /* [CP] Check Pods Manifest.lock */,
				607FACCC1AFB9204008FA782 /* Sources */,
				607FACCD1AFB9204008FA782 /* Frameworks */,
				607FACCE1AFB9204008FA782 /* Resources */,
				1F597310EA08AACF2E659255 /* [CP] Embed Pods Frameworks */,
			);
			buildRules = (
			);
			dependencies = (
			);
			name = AssemblyManager_Example;
			productName = AssemblyManager;
			productReference = 607FACD01AFB9204008FA782 /* AssemblyManager_Example.app */;
			productType = "com.apple.product-type.application";
		};
/* End PBXNativeTarget section */

/* Begin PBXProject section */
		607FACC81AFB9204008FA782 /* Project object */ = {
			isa = PBXProject;
			attributes = {
				LastSwiftUpdateCheck = 0830;
				LastUpgradeCheck = 0830;
				ORGANIZATIONNAME = CocoaPods;
				TargetAttributes = {
					607FACCF1AFB9204008FA782 = {
						CreatedOnToolsVersion = 6.3.1;
						DevelopmentTeam = G5SBC694P7;
						LastSwiftMigration = 0900;
					};
				};
			};
			buildConfigurationList = 607FACCB1AFB9204008FA782 /* Build configuration list for PBXProject "AssemblyManager" */;
			compatibilityVersion = "Xcode 3.2";
			developmentRegion = English;
			hasScannedForEncodings = 0;
			knownRegions = (
				English,
				en,
				Base,
			);
			mainGroup = 607FACC71AFB9204008FA782;
			productRefGroup = 607FACD11AFB9204008FA782 /* Products */;
			projectDirPath = "";
			projectRoot = "";
			targets = (
				607FACCF1AFB9204008FA782 /* AssemblyManager_Example */,
			);
		};
/* End PBXProject section */

/* Begin PBXResourcesBuildPhase section */
		607FACCE1AFB9204008FA782 /* Resources */ = {
			isa = PBXResourcesBuildPhase;
			buildActionMask = 2147483647;
			files = (
				607FACDB1AFB9204008FA782 /* Main.storyboard in Resources */,
				188E271027574B8C00AE7EC9 /* PhotoItemCell.xib in Resources */,
				188E26E0275661F700AE7EC9 /* Photo.storyboard in Resources */,
				607FACE01AFB9204008FA782 /* LaunchScreen.xib in Resources */,
				607FACDD1AFB9204008FA782 /* Images.xcassets in Resources */,
			);
			runOnlyForDeploymentPostprocessing = 0;
		};
/* End PBXResourcesBuildPhase section */

/* Begin PBXShellScriptBuildPhase section */
		1F597310EA08AACF2E659255 /* [CP] Embed Pods Frameworks */ = {
			isa = PBXShellScriptBuildPhase;
			buildActionMask = 2147483647;
			files = (
			);
			inputPaths = (
				"${PODS_ROOT}/Target Support Files/Pods-AssemblyManager_Example/Pods-AssemblyManager_Example-frameworks.sh",
				"${BUILT_PRODUCTS_DIR}/AssemblyManager/AssemblyManager.framework",
			);
			name = "[CP] Embed Pods Frameworks";
			outputPaths = (
				"${TARGET_BUILD_DIR}/${FRAMEWORKS_FOLDER_PATH}/AssemblyManager.framework",
			);
			runOnlyForDeploymentPostprocessing = 0;
			shellPath = /bin/sh;
			shellScript = "\"${PODS_ROOT}/Target Support Files/Pods-AssemblyManager_Example/Pods-AssemblyManager_Example-frameworks.sh\"\n";
			showEnvVarsInLog = 0;
		};
		ACB90EAB00B0A90491364F52 /* [CP] Check Pods Manifest.lock */ = {
			isa = PBXShellScriptBuildPhase;
			buildActionMask = 2147483647;
			files = (
			);
			inputFileListPaths = (
			);
			inputPaths = (
				"${PODS_PODFILE_DIR_PATH}/Podfile.lock",
				"${PODS_ROOT}/Manifest.lock",
			);
			name = "[CP] Check Pods Manifest.lock";
			outputFileListPaths = (
			);
			outputPaths = (
				"$(DERIVED_FILE_DIR)/Pods-AssemblyManager_Example-checkManifestLockResult.txt",
			);
			runOnlyForDeploymentPostprocessing = 0;
			shellPath = /bin/sh;
			shellScript = "diff \"${PODS_PODFILE_DIR_PATH}/Podfile.lock\" \"${PODS_ROOT}/Manifest.lock\" > /dev/null\nif [ $? != 0 ] ; then\n    # print error to STDERR\n    echo \"error: The sandbox is not in sync with the Podfile.lock. Run 'pod install' or update your CocoaPods installation.\" >&2\n    exit 1\nfi\n# This output is used by Xcode 'outputs' to avoid re-running this script phase.\necho \"SUCCESS\" > \"${SCRIPT_OUTPUT_FILE_0}\"\n";
			showEnvVarsInLog = 0;
		};
/* End PBXShellScriptBuildPhase section */

/* Begin PBXSourcesBuildPhase section */
		607FACCC1AFB9204008FA782 /* Sources */ = {
			isa = PBXSourcesBuildPhase;
			buildActionMask = 2147483647;
			files = (
				188E270C275749D100AE7EC9 /* PhotoItemController.swift in Sources */,
				607FACD81AFB9204008FA782 /* HomeController.swift in Sources */,
				607FACD61AFB9204008FA782 /* AppDelegate.swift in Sources */,
				188E27172757B3AA00AE7EC9 /* UserDefaultUtils.swift in Sources */,
				188E26CC27561E9800AE7EC9 /* SectionInterface.swift in Sources */,
				188E26DD275661AA00AE7EC9 /* PhotoController.swift in Sources */,
				188E26D027561ECE00AE7EC9 /* H.swift in Sources */,
				188E270F27574B8C00AE7EC9 /* PhotoItemCell.swift in Sources */,
				188E27122757613100AE7EC9 /* PhotoDetailController.swift in Sources */,
				188E26D427561F2B00AE7EC9 /* MainController.swift in Sources */,
				188E26CE27561EAE00AE7EC9 /* Extension.swift in Sources */,
			);
			runOnlyForDeploymentPostprocessing = 0;
		};
/* End PBXSourcesBuildPhase section */

/* Begin PBXVariantGroup section */
		607FACD91AFB9204008FA782 /* Main.storyboard */ = {
			isa = PBXVariantGroup;
			children = (
				607FACDA1AFB9204008FA782 /* Base */,
			);
			name = Main.storyboard;
			sourceTree = "<group>";
		};
		607FACDE1AFB9204008FA782 /* LaunchScreen.xib */ = {
			isa = PBXVariantGroup;
			children = (
				607FACDF1AFB9204008FA782 /* Base */,
			);
			name = LaunchScreen.xib;
			sourceTree = "<group>";
		};
/* End PBXVariantGroup section */

/* Begin XCBuildConfiguration section */
		607FACED1AFB9204008FA782 /* Debug */ = {
			isa = XCBuildConfiguration;
			buildSettings = {
				ALWAYS_SEARCH_USER_PATHS = NO;
				CLANG_CXX_LANGUAGE_STANDARD = "gnu++0x";
				CLANG_CXX_LIBRARY = "libc++";
				CLANG_ENABLE_MODULES = YES;
				CLANG_ENABLE_OBJC_ARC = YES;
				CLANG_WARN_BLOCK_CAPTURE_AUTORELEASING = YES;
				CLANG_WARN_BOOL_CONVERSION = YES;
				CLANG_WARN_COMMA = YES;
				CLANG_WARN_CONSTANT_CONVERSION = YES;
				CLANG_WARN_DIRECT_OBJC_ISA_USAGE = YES_ERROR;
				CLANG_WARN_EMPTY_BODY = YES;
				CLANG_WARN_ENUM_CONVERSION = YES;
				CLANG_WARN_INFINITE_RECURSION = YES;
				CLANG_WARN_INT_CONVERSION = YES;
				CLANG_WARN_NON_LITERAL_NULL_CONVERSION = YES;
				CLANG_WARN_OBJC_LITERAL_CONVERSION = YES;
				CLANG_WARN_OBJC_ROOT_CLASS = YES_ERROR;
				CLANG_WARN_RANGE_LOOP_ANALYSIS = YES;
				CLANG_WARN_STRICT_PROTOTYPES = YES;
				CLANG_WARN_SUSPICIOUS_MOVE = YES;
				CLANG_WARN_UNREACHABLE_CODE = YES;
				CLANG_WARN__DUPLICATE_METHOD_MATCH = YES;
				"CODE_SIGN_IDENTITY[sdk=iphoneos*]" = "iPhone Developer";
				COPY_PHASE_STRIP = NO;
				DEBUG_INFORMATION_FORMAT = "dwarf-with-dsym";
				ENABLE_STRICT_OBJC_MSGSEND = YES;
				ENABLE_TESTABILITY = YES;
				GCC_C_LANGUAGE_STANDARD = gnu99;
				GCC_DYNAMIC_NO_PIC = NO;
				GCC_NO_COMMON_BLOCKS = YES;
				GCC_OPTIMIZATION_LEVEL = 0;
				GCC_PREPROCESSOR_DEFINITIONS = (
					"DEBUG=1",
					"$(inherited)",
				);
				GCC_SYMBOLS_PRIVATE_EXTERN = NO;
				GCC_WARN_64_TO_32_BIT_CONVERSION = YES;
				GCC_WARN_ABOUT_RETURN_TYPE = YES_ERROR;
				GCC_WARN_UNDECLARED_SELECTOR = YES;
				GCC_WARN_UNINITIALIZED_AUTOS = YES_AGGRESSIVE;
				GCC_WARN_UNUSED_FUNCTION = YES;
				GCC_WARN_UNUSED_VARIABLE = YES;
				IPHONEOS_DEPLOYMENT_TARGET = 9.3;
				MTL_ENABLE_DEBUG_INFO = YES;
				ONLY_ACTIVE_ARCH = YES;
				SDKROOT = iphoneos;
				SWIFT_OPTIMIZATION_LEVEL = "-Onone";
			};
			name = Debug;
		};
		607FACEE1AFB9204008FA782 /* Release */ = {
			isa = XCBuildConfiguration;
			buildSettings = {
				ALWAYS_SEARCH_USER_PATHS = NO;
				CLANG_CXX_LANGUAGE_STANDARD = "gnu++0x";
				CLANG_CXX_LIBRARY = "libc++";
				CLANG_ENABLE_MODULES = YES;
				CLANG_ENABLE_OBJC_ARC = YES;
				CLANG_WARN_BLOCK_CAPTURE_AUTORELEASING = YES;
				CLANG_WARN_BOOL_CONVERSION = YES;
				CLANG_WARN_COMMA = YES;
				CLANG_WARN_CONSTANT_CONVERSION = YES;
				CLANG_WARN_DIRECT_OBJC_ISA_USAGE = YES_ERROR;
				CLANG_WARN_EMPTY_BODY = YES;
				CLANG_WARN_ENUM_CONVERSION = YES;
				CLANG_WARN_INFINITE_RECURSION = YES;
				CLANG_WARN_INT_CONVERSION = YES;
				CLANG_WARN_NON_LITERAL_NULL_CONVERSION = YES;
				CLANG_WARN_OBJC_LITERAL_CONVERSION = YES;
				CLANG_WARN_OBJC_ROOT_CLASS = YES_ERROR;
				CLANG_WARN_RANGE_LOOP_ANALYSIS = YES;
				CLANG_WARN_STRICT_PROTOTYPES = YES;
				CLANG_WARN_SUSPICIOUS_MOVE = YES;
				CLANG_WARN_UNREACHABLE_CODE = YES;
				CLANG_WARN__DUPLICATE_METHOD_MATCH = YES;
				"CODE_SIGN_IDENTITY[sdk=iphoneos*]" = "iPhone Developer";
				COPY_PHASE_STRIP = NO;
				DEBUG_INFORMATION_FORMAT = "dwarf-with-dsym";
				ENABLE_NS_ASSERTIONS = NO;
				ENABLE_STRICT_OBJC_MSGSEND = YES;
				GCC_C_LANGUAGE_STANDARD = gnu99;
				GCC_NO_COMMON_BLOCKS = YES;
				GCC_WARN_64_TO_32_BIT_CONVERSION = YES;
				GCC_WARN_ABOUT_RETURN_TYPE = YES_ERROR;
				GCC_WARN_UNDECLARED_SELECTOR = YES;
				GCC_WARN_UNINITIALIZED_AUTOS = YES_AGGRESSIVE;
				GCC_WARN_UNUSED_FUNCTION = YES;
				GCC_WARN_UNUSED_VARIABLE = YES;
				IPHONEOS_DEPLOYMENT_TARGET = 9.3;
				MTL_ENABLE_DEBUG_INFO = NO;
				SDKROOT = iphoneos;
				SWIFT_OPTIMIZATION_LEVEL = "-Owholemodule";
				VALIDATE_PRODUCT = YES;
			};
			name = Release;
		};
		607FACF01AFB9204008FA782 /* Debug */ = {
			isa = XCBuildConfiguration;
			baseConfigurationReference = EC34DEBFC397E08A0F73503E /* Pods-AssemblyManager_Example.debug.xcconfig */;
			buildSettings = {
				ASSETCATALOG_COMPILER_APPICON_NAME = AppIcon;
				DEVELOPMENT_TEAM = G5SBC694P7;
				INFOPLIST_FILE = AssemblyManager/Info.plist;
				IPHONEOS_DEPLOYMENT_TARGET = 11.0;
				LD_RUNPATH_SEARCH_PATHS = "$(inherited) @executable_path/Frameworks";
				MODULE_NAME = ExampleApp;
				PRODUCT_BUNDLE_IDENTIFIER = "org.cocoapods.demo.$(PRODUCT_NAME:rfc1034identifier)";
				PRODUCT_NAME = "$(TARGET_NAME)";
				SWIFT_SWIFT3_OBJC_INFERENCE = Default;
				SWIFT_VERSION = 4.0;
			};
			name = Debug;
		};
		607FACF11AFB9204008FA782 /* Release */ = {
			isa = XCBuildConfiguration;
			baseConfigurationReference = DC66683E707B8C790DC62646 /* Pods-AssemblyManager_Example.release.xcconfig */;
			buildSettings = {
				ASSETCATALOG_COMPILER_APPICON_NAME = AppIcon;
				DEVELOPMENT_TEAM = G5SBC694P7;
				INFOPLIST_FILE = AssemblyManager/Info.plist;
				IPHONEOS_DEPLOYMENT_TARGET = 11.0;
				LD_RUNPATH_SEARCH_PATHS = "$(inherited) @executable_path/Frameworks";
				MODULE_NAME = ExampleApp;
				PRODUCT_BUNDLE_IDENTIFIER = "org.cocoapods.demo.$(PRODUCT_NAME:rfc1034identifier)";
				PRODUCT_NAME = "$(TARGET_NAME)";
				SWIFT_SWIFT3_OBJC_INFERENCE = Default;
				SWIFT_VERSION = 4.0;
			};
			name = Release;
		};
/* End XCBuildConfiguration section */

/* Begin XCConfigurationList section */
		607FACCB1AFB9204008FA782 /* Build configuration list for PBXProject "AssemblyManager" */ = {
			isa = XCConfigurationList;
			buildConfigurations = (
				607FACED1AFB9204008FA782 /* Debug */,
				607FACEE1AFB9204008FA782 /* Release */,
			);
			defaultConfigurationIsVisible = 0;
			defaultConfigurationName = Release;
		};
		607FACEF1AFB9204008FA782 /* Build configuration list for PBXNativeTarget "AssemblyManager_Example" */ = {
			isa = XCConfigurationList;
			buildConfigurations = (
				607FACF01AFB9204008FA782 /* Debug */,
				607FACF11AFB9204008FA782 /* Release */,
			);
			defaultConfigurationIsVisible = 0;
			defaultConfigurationName = Release;
		};
/* End XCConfigurationList section */
	};
	rootObject = 607FACC81AFB9204008FA782 /* Project object */;
}
